
Microsoft Visual Studio Solution File, Format Version 12.00
# Visual Studio 15
VisualStudioVersion = 15.0.26228.9
MinimumVisualStudioVersion = 10.0.40219.1
Project("{FAE04EC0-301F-11D3-BF4B-00C04F79EFBC}") = "sobaco", "sobaco\sobaco.csproj", "{E05BEB33-A01F-4A3A-92D9-E2239794B392}"
EndProject
Global
	GlobalSection(SolutionConfigurationPlatforms) = preSolution
		Debug|Any CPU = Debug|Any CPU
		Release|Any CPU = Release|Any CPU
	EndGlobalSection
	GlobalSection(ProjectConfigurationPlatforms) = postSolution
		{E05BEB33-A01F-4A3A-92D9-E2239794B392}.Debug|Any CPU.ActiveCfg = Debug|Any CPU
		{E05BEB33-A01F-4A3A-92D9-E2239794B392}.Debug|Any CPU.Build.0 = Debug|Any CPU
		{E05BEB33-A01F-4A3A-92D9-E2239794B392}.Release|Any CPU.ActiveCfg = Release|Any CPU
		{E05BEB33-A01F-4A3A-92D9-E2239794B392}.Release|Any CPU.Build.0 = Release|Any CPU
	EndGlobalSection
	GlobalSection(SolutionProperties) = preSolution
		HideSolutionNode = FALSE
	EndGlobalSection
EndGlobal
